
Microsoft Visual Studio Solution File, Format Version 11.00
# Visual Studio 2010
Project("{8BC9CEB8-8B4A-11D0-8D11-00A0C91BC942}") = "DirectShowCapture", "DirectShowDLL\DirectShowDLL.vcxproj", "{F933EB97-915A-4B44-9632-E68D517A8262}"
EndProject
Global
	GlobalSection(SolutionConfigurationPlatforms) = preSolution
		Debug|Win32 = Debug|Win32
		Release|Win32 = Release|Win32
	EndGlobalSection
	GlobalSection(ProjectConfigurationPlatforms) = postSolution
		{F933EB97-915A-4B44-9632-E68D517A8262}.Debug|Win32.ActiveCfg = Debug|Win32
		{F933EB97-915A-4B44-9632-E68D517A8262}.Debug|Win32.Build.0 = Debug|Win32
		{F933EB97-915A-4B44-9632-E68D517A8262}.Release|Win32.ActiveCfg = Release|Win32
		{F933EB97-915A-4B44-9632-E68D517A8262}.Release|Win32.Build.0 = Release|Win32
	EndGlobalSection
	GlobalSection(SolutionProperties) = preSolution
		HideSolutionNode = FALSE
	EndGlobalSection
EndGlobal
